// !$*UTF8*$!
{
	archiveVersion = 1;
	classes = {
	};
	objectVersion = 46;
	objects = {

/* Begin PBXBuildFile section */
		04120CA41F4EB298002AD5C3 /* AppDelegate.swift in Sources */ = {isa = PBXBuildFile; fileRef = 04120CA31F4EB298002AD5C3 /* AppDelegate.swift */; };
		04120CA91F4EB298002AD5C3 /* Main.storyboard in Resources */ = {isa = PBXBuildFile; fileRef = 04120CA71F4EB298002AD5C3 /* Main.storyboard */; };
		04120CAC1F4EB298002AD5C3 /* Chat_VideoForGameDiscussion.xcdatamodeld in Sources */ = {isa = PBXBuildFile; fileRef = 04120CAA1F4EB298002AD5C3 /* Chat_VideoForGameDiscussion.xcdatamodeld */; };
		04120CAE1F4EB298002AD5C3 /* Assets.xcassets in Resources */ = {isa = PBXBuildFile; fileRef = 04120CAD1F4EB298002AD5C3 /* Assets.xcassets */; };
		04120CB11F4EB298002AD5C3 /* LaunchScreen.storyboard in Resources */ = {isa = PBXBuildFile; fileRef = 04120CAF1F4EB298002AD5C3 /* LaunchScreen.storyboard */; };
		04120CBA1F4ED542002AD5C3 /* MessageTableViewCell.swift in Sources */ = {isa = PBXBuildFile; fileRef = 04120CB81F4ED542002AD5C3 /* MessageTableViewCell.swift */; };
		04120CBB1F4ED542002AD5C3 /* ImageTableViewCell.swift in Sources */ = {isa = PBXBuildFile; fileRef = 04120CB91F4ED542002AD5C3 /* ImageTableViewCell.swift */; };
		04120CBD1F4ED554002AD5C3 /* ChatViewController.swift in Sources */ = {isa = PBXBuildFile; fileRef = 04120CBC1F4ED554002AD5C3 /* ChatViewController.swift */; };
		04120CBF1F4EDA23002AD5C3 /* ResizeImage.swift in Sources */ = {isa = PBXBuildFile; fileRef = 04120CBE1F4EDA23002AD5C3 /* ResizeImage.swift */; };
		04120CC11F4EF232002AD5C3 /* YoutubeUserViewController.swift in Sources */ = {isa = PBXBuildFile; fileRef = 04120CC01F4EF232002AD5C3 /* YoutubeUserViewController.swift */; };
		04120CC31F4EFC65002AD5C3 /* StringToImage.swift in Sources */ = {isa = PBXBuildFile; fileRef = 04120CC21F4EFC65002AD5C3 /* StringToImage.swift */; };
		04120CC71F4F0710002AD5C3 /* SelfPlistTableViewCell.swift in Sources */ = {isa = PBXBuildFile; fileRef = 04120CC61F4F0710002AD5C3 /* SelfPlistTableViewCell.swift */; };
		04120CCB1F4FCCF7002AD5C3 /* PlaylistVideoTableViewController.swift in Sources */ = {isa = PBXBuildFile; fileRef = 04120CCA1F4FCCF7002AD5C3 /* PlaylistVideoTableViewController.swift */; };
		04120CCD1F4FF1DE002AD5C3 /* YoutubeVideoViewController.swift in Sources */ = {isa = PBXBuildFile; fileRef = 04120CCC1F4FF1DE002AD5C3 /* YoutubeVideoViewController.swift */; };
		041B10E31F500F5200C0E999 /* YoutubeSearchViewController.swift in Sources */ = {isa = PBXBuildFile; fileRef = 041B10E21F500F5200C0E999 /* YoutubeSearchViewController.swift */; };
		041B10E51F50196300C0E999 /* PlaylistSelectViewController.swift in Sources */ = {isa = PBXBuildFile; fileRef = 041B10E41F50196300C0E999 /* PlaylistSelectViewController.swift */; };
		041B10EF1F503B4800C0E999 /* YoutubeUserInfo.swift in Sources */ = {isa = PBXBuildFile; fileRef = 041B10EE1F503B4800C0E999 /* YoutubeUserInfo.swift */; };
		041B10F11F5040F600C0E999 /* noImage.png in Resources */ = {isa = PBXBuildFile; fileRef = 041B10F01F5040F600C0E999 /* noImage.png */; };
		041B10F31F5042D100C0E999 /* PlaylistVideoTableViewCell.swift in Sources */ = {isa = PBXBuildFile; fileRef = 041B10F21F5042D100C0E999 /* PlaylistVideoTableViewCell.swift */; };
		041B10F81F504BFC00C0E999 /* YouTubeSearchTableViewCell.swift in Sources */ = {isa = PBXBuildFile; fileRef = 041B10F71F504BFC00C0E999 /* YouTubeSearchTableViewCell.swift */; };
		DE2697C31B94873BF7555ABC /* Pods_Chat_VideoForGameDiscussion.framework in Frameworks */ = {isa = PBXBuildFile; fileRef = 85635409461B0AAB32FE8815 /* Pods_Chat_VideoForGameDiscussion.framework */; };
/* End PBXBuildFile section */

/* Begin PBXFileReference section */
		04120CA01F4EB298002AD5C3 /* Chat&VideoForGameDiscussion.app */ = {isa = PBXFileReference; explicitFileType = wrapper.application; includeInIndex = 0; path = "Chat&VideoForGameDiscussion.app"; sourceTree = BUILT_PRODUCTS_DIR; };
		04120CA31F4EB298002AD5C3 /* AppDelegate.swift */ = {isa = PBXFileReference; lastKnownFileType = sourcecode.swift; path = AppDelegate.swift; sourceTree = "<group>"; };
		04120CA81F4EB298002AD5C3 /* Base */ = {isa = PBXFileReference; lastKnownFileType = file.storyboard; name = Base; path = Base.lproj/Main.storyboard; sourceTree = "<group>"; };
		04120CAB1F4EB298002AD5C3 /* Chat_VideoForGameDiscussion.xcdatamodel */ = {isa = PBXFileReference; lastKnownFileType = wrapper.xcdatamodel; path = Chat_VideoForGameDiscussion.xcdatamodel; sourceTree = "<group>"; };
		04120CAD1F4EB298002AD5C3 /* Assets.xcassets */ = {isa = PBXFileReference; lastKnownFileType = folder.assetcatalog; path = Assets.xcassets; sourceTree = "<group>"; };
		04120CB01F4EB298002AD5C3 /* Base */ = {isa = PBXFileReference; lastKnownFileType = file.storyboard; name = Base; path = Base.lproj/LaunchScreen.storyboard; sourceTree = "<group>"; };
		04120CB21F4EB298002AD5C3 /* Info.plist */ = {isa = PBXFileReference; lastKnownFileType = text.plist.xml; path = Info.plist; sourceTree = "<group>"; };
		04120CB81F4ED542002AD5C3 /* MessageTableViewCell.swift */ = {isa = PBXFileReference; fileEncoding = 4; lastKnownFileType = sourcecode.swift; path = MessageTableViewCell.swift; sourceTree = "<group>"; };
		04120CB91F4ED542002AD5C3 /* ImageTableViewCell.swift */ = {isa = PBXFileReference; fileEncoding = 4; lastKnownFileType = sourcecode.swift; path = ImageTableViewCell.swift; sourceTree = "<group>"; };
		04120CBC1F4ED554002AD5C3 /* ChatViewController.swift */ = {isa = PBXFileReference; fileEncoding = 4; lastKnownFileType = sourcecode.swift; path = ChatViewController.swift; sourceTree = "<group>"; };
		04120CBE1F4EDA23002AD5C3 /* ResizeImage.swift */ = {isa = PBXFileReference; fileEncoding = 4; lastKnownFileType = sourcecode.swift; path = ResizeImage.swift; sourceTree = "<group>"; };
		04120CC01F4EF232002AD5C3 /* YoutubeUserViewController.swift */ = {isa = PBXFileReference; fileEncoding = 4; lastKnownFileType = sourcecode.swift; path = YoutubeUserViewController.swift; sourceTree = "<group>"; };
		04120CC21F4EFC65002AD5C3 /* StringToImage.swift */ = {isa = PBXFileReference; fileEncoding = 4; lastKnownFileType = sourcecode.swift; path = StringToImage.swift; sourceTree = "<group>"; };
		04120CC61F4F0710002AD5C3 /* SelfPlistTableViewCell.swift */ = {isa = PBXFileReference; fileEncoding = 4; lastKnownFileType = sourcecode.swift; path = SelfPlistTableViewCell.swift; sourceTree = "<group>"; };
		04120CCA1F4FCCF7002AD5C3 /* PlaylistVideoTableViewController.swift */ = {isa = PBXFileReference; fileEncoding = 4; lastKnownFileType = sourcecode.swift; path = PlaylistVideoTableViewController.swift; sourceTree = "<group>"; };
		04120CCC1F4FF1DE002AD5C3 /* YoutubeVideoViewController.swift */ = {isa = PBXFileReference; fileEncoding = 4; lastKnownFileType = sourcecode.swift; path = YoutubeVideoViewController.swift; sourceTree = "<group>"; };
		041B10E21F500F5200C0E999 /* YoutubeSearchViewController.swift */ = {isa = PBXFileReference; fileEncoding = 4; lastKnownFileType = sourcecode.swift; path = YoutubeSearchViewController.swift; sourceTree = "<group>"; };
		041B10E41F50196300C0E999 /* PlaylistSelectViewController.swift */ = {isa = PBXFileReference; fileEncoding = 4; lastKnownFileType = sourcecode.swift; path = PlaylistSelectViewController.swift; sourceTree = "<group>"; };
		041B10EE1F503B4800C0E999 /* YoutubeUserInfo.swift */ = {isa = PBXFileReference; fileEncoding = 4; lastKnownFileType = sourcecode.swift; path = YoutubeUserInfo.swift; sourceTree = "<group>"; };
		041B10F01F5040F600C0E999 /* noImage.png */ = {isa = PBXFileReference; lastKnownFileType = image.png; path = noImage.png; sourceTree = "<group>"; };
		041B10F21F5042D100C0E999 /* PlaylistVideoTableViewCell.swift */ = {isa = PBXFileReference; fileEncoding = 4; lastKnownFileType = sourcecode.swift; path = PlaylistVideoTableViewCell.swift; sourceTree = "<group>"; };
		041B10F71F504BFC00C0E999 /* YouTubeSearchTableViewCell.swift */ = {isa = PBXFileReference; fileEncoding = 4; lastKnownFileType = sourcecode.swift; path = YouTubeSearchTableViewCell.swift; sourceTree = "<group>"; };
		85635409461B0AAB32FE8815 /* Pods_Chat_VideoForGameDiscussion.framework */ = {isa = PBXFileReference; explicitFileType = wrapper.framework; includeInIndex = 0; path = Pods_Chat_VideoForGameDiscussion.framework; sourceTree = BUILT_PRODUCTS_DIR; };
		9095736FD385D6D412722701 /* Pods-Chat&VideoForGameDiscussion.release.xcconfig */ = {isa = PBXFileReference; includeInIndex = 1; lastKnownFileType = text.xcconfig; name = "Pods-Chat&VideoForGameDiscussion.release.xcconfig"; path = "Pods/Target Support Files/Pods-Chat&VideoForGameDiscussion/Pods-Chat&VideoForGameDiscussion.release.xcconfig"; sourceTree = "<group>"; };
		B47DF8F71E30D42FD911597C /* Pods-Chat&VideoForGameDiscussion.debug.xcconfig */ = {isa = PBXFileReference; includeInIndex = 1; lastKnownFileType = text.xcconfig; name = "Pods-Chat&VideoForGameDiscussion.debug.xcconfig"; path = "Pods/Target Support Files/Pods-Chat&VideoForGameDiscussion/Pods-Chat&VideoForGameDiscussion.debug.xcconfig"; sourceTree = "<group>"; };
/* End PBXFileReference section */

/* Begin PBXFrameworksBuildPhase section */
		04120C9D1F4EB298002AD5C3 /* Frameworks */ = {
			isa = PBXFrameworksBuildPhase;
			buildActionMask = 2147483647;
			files = (
				DE2697C31B94873BF7555ABC /* Pods_Chat_VideoForGameDiscussion.framework in Frameworks */,
			);
			runOnlyForDeploymentPostprocessing = 0;
		};
/* End PBXFrameworksBuildPhase section */

/* Begin PBXGroup section */
		04120C971F4EB297002AD5C3 = {
			isa = PBXGroup;
			children = (
				04120CA21F4EB298002AD5C3 /* Chat&VideoForGameDiscussion */,
				04120CA11F4EB298002AD5C3 /* Products */,
				99C33A1176362DCF936AA0BE /* Pods */,
				743AAD42E7123556E61938FA /* Frameworks */,
			);
			sourceTree = "<group>";
		};
		04120CA11F4EB298002AD5C3 /* Products */ = {
			isa = PBXGroup;
			children = (
				04120CA01F4EB298002AD5C3 /* Chat&VideoForGameDiscussion.app */,
			);
			name = Products;
			sourceTree = "<group>";
		};
		04120CA21F4EB298002AD5C3 /* Chat&VideoForGameDiscussion */ = {
			isa = PBXGroup;
			children = (
				041B10E91F503A2000C0E999 /* other */,
				041B10E81F503A1900C0E999 /* View */,
				041B10E71F503A0C00C0E999 /* model */,
				041B10E61F5039D000C0E999 /* Controller */,
			);
			path = "Chat&VideoForGameDiscussion";
			sourceTree = "<group>";
		};
		041B10E61F5039D000C0E999 /* Controller */ = {
			isa = PBXGroup;
			children = (
				041B10EA1F503AA500C0E999 /* ChatRoom */,
				041B10EC1F503AEC00C0E999 /* YoutubeUser */,
				041B10F41F5042D600C0E999 /* PlaylistVideo */,
				041B10ED1F503B0100C0E999 /* YoutubeSearch */,
				04120CCC1F4FF1DE002AD5C3 /* YoutubeVideoViewController.swift */,
				041B10E41F50196300C0E999 /* PlaylistSelectViewController.swift */,
			);
			name = Controller;
			sourceTree = "<group>";
		};
		041B10E71F503A0C00C0E999 /* model */ = {
			isa = PBXGroup;
			children = (
				04120CA31F4EB298002AD5C3 /* AppDelegate.swift */,
				04120CBE1F4EDA23002AD5C3 /* ResizeImage.swift */,
				04120CC21F4EFC65002AD5C3 /* StringToImage.swift */,
				041B10EE1F503B4800C0E999 /* YoutubeUserInfo.swift */,
			);
			name = model;
			sourceTree = "<group>";
		};
		041B10E81F503A1900C0E999 /* View */ = {
			isa = PBXGroup;
			children = (
				04120CAD1F4EB298002AD5C3 /* Assets.xcassets */,
				04120CAF1F4EB298002AD5C3 /* LaunchScreen.storyboard */,
				04120CA71F4EB298002AD5C3 /* Main.storyboard */,
			);
			name = View;
			sourceTree = "<group>";
		};
		041B10E91F503A2000C0E999 /* other */ = {
			isa = PBXGroup;
			children = (
				04120CB21F4EB298002AD5C3 /* Info.plist */,
				041B10F01F5040F600C0E999 /* noImage.png */,
				04120CAA1F4EB298002AD5C3 /* Chat_VideoForGameDiscussion.xcdatamodeld */,
			);
			name = other;
			sourceTree = "<group>";
		};
		041B10EA1F503AA500C0E999 /* ChatRoom */ = {
			isa = PBXGroup;
			children = (
				04120CBC1F4ED554002AD5C3 /* ChatViewController.swift */,
				04120CB81F4ED542002AD5C3 /* MessageTableViewCell.swift */,
				04120CB91F4ED542002AD5C3 /* ImageTableViewCell.swift */,
			);
			name = ChatRoom;
			sourceTree = "<group>";
		};
		041B10EC1F503AEC00C0E999 /* YoutubeUser */ = {
			isa = PBXGroup;
			children = (
				04120CC01F4EF232002AD5C3 /* YoutubeUserViewController.swift */,
				04120CC61F4F0710002AD5C3 /* SelfPlistTableViewCell.swift */,
			);
			name = YoutubeUser;
			sourceTree = "<group>";
		};
		041B10ED1F503B0100C0E999 /* YoutubeSearch */ = {
			isa = PBXGroup;
			children = (
				041B10E21F500F5200C0E999 /* YoutubeSearchViewController.swift */,
				041B10F71F504BFC00C0E999 /* YouTubeSearchTableViewCell.swift */,
			);
			name = YoutubeSearch;
			sourceTree = "<group>";
		};
		041B10F41F5042D600C0E999 /* PlaylistVideo */ = {
			isa = PBXGroup;
			children = (
				04120CCA1F4FCCF7002AD5C3 /* PlaylistVideoTableViewController.swift */,
				041B10F21F5042D100C0E999 /* PlaylistVideoTableViewCell.swift */,
			);
			name = PlaylistVideo;
			sourceTree = "<group>";
		};
		743AAD42E7123556E61938FA /* Frameworks */ = {
			isa = PBXGroup;
			children = (
				85635409461B0AAB32FE8815 /* Pods_Chat_VideoForGameDiscussion.framework */,
			);
			name = Frameworks;
			sourceTree = "<group>";
		};
		99C33A1176362DCF936AA0BE /* Pods */ = {
			isa = PBXGroup;
			children = (
				B47DF8F71E30D42FD911597C /* Pods-Chat&VideoForGameDiscussion.debug.xcconfig */,
				9095736FD385D6D412722701 /* Pods-Chat&VideoForGameDiscussion.release.xcconfig */,
			);
			name = Pods;
			sourceTree = "<group>";
		};
/* End PBXGroup section */

/* Begin PBXNativeTarget section */
		04120C9F1F4EB298002AD5C3 /* Chat&VideoForGameDiscussion */ = {
			isa = PBXNativeTarget;
			buildConfigurationList = 04120CB51F4EB298002AD5C3 /* Build configuration list for PBXNativeTarget "Chat&VideoForGameDiscussion" */;
			buildPhases = (
				BBA163951CB5A0F61AC56C42 /* [CP] Check Pods Manifest.lock */,
				04120C9C1F4EB298002AD5C3 /* Sources */,
				04120C9D1F4EB298002AD5C3 /* Frameworks */,
				04120C9E1F4EB298002AD5C3 /* Resources */,
				1F0D93A59757CF766903B282 /* [CP] Embed Pods Frameworks */,
				9893257FA2D1F836959FFA23 /* [CP] Copy Pods Resources */,
			);
			buildRules = (
			);
			dependencies = (
			);
			name = "Chat&VideoForGameDiscussion";
			productName = "Chat&VideoForGameDiscussion";
			productReference = 04120CA01F4EB298002AD5C3 /* Chat&VideoForGameDiscussion.app */;
			productType = "com.apple.product-type.application";
		};
/* End PBXNativeTarget section */

/* Begin PBXProject section */
		04120C981F4EB297002AD5C3 /* Project object */ = {
			isa = PBXProject;
			attributes = {
				LastSwiftUpdateCheck = 0830;
				LastUpgradeCheck = 0830;
				ORGANIZATIONNAME = Uran;
				TargetAttributes = {
					04120C9F1F4EB298002AD5C3 = {
						CreatedOnToolsVersion = 8.3.3;
						DevelopmentTeam = SCFU5W6M6J;
						ProvisioningStyle = Automatic;
					};
				};
			};
			buildConfigurationList = 04120C9B1F4EB297002AD5C3 /* Build configuration list for PBXProject "Chat&VideoForGameDiscussion" */;
			compatibilityVersion = "Xcode 3.2";
			developmentRegion = English;
			hasScannedForEncodings = 0;
			knownRegions = (
				en,
				Base,
			);
			mainGroup = 04120C971F4EB297002AD5C3;
			productRefGroup = 04120CA11F4EB298002AD5C3 /* Products */;
			projectDirPath = "";
			projectRoot = "";
			targets = (
				04120C9F1F4EB298002AD5C3 /* Chat&VideoForGameDiscussion */,
			);
		};
/* End PBXProject section */

/* Begin PBXResourcesBuildPhase section */
		04120C9E1F4EB298002AD5C3 /* Resources */ = {
			isa = PBXResourcesBuildPhase;
			buildActionMask = 2147483647;
			files = (
				04120CB11F4EB298002AD5C3 /* LaunchScreen.storyboard in Resources */,
				04120CAE1F4EB298002AD5C3 /* Assets.xcassets in Resources */,
				041B10F11F5040F600C0E999 /* noImage.png in Resources */,
				04120CA91F4EB298002AD5C3 /* Main.storyboard in Resources */,
			);
			runOnlyForDeploymentPostprocessing = 0;
		};
/* End PBXResourcesBuildPhase section */

/* Begin PBXShellScriptBuildPhase section */
		1F0D93A59757CF766903B282 /* [CP] Embed Pods Frameworks */ = {
			isa = PBXShellScriptBuildPhase;
			buildActionMask = 2147483647;
			files = (
			);
			inputPaths = (
			);
			name = "[CP] Embed Pods Frameworks";
			outputPaths = (
			);
			runOnlyForDeploymentPostprocessing = 0;
			shellPath = /bin/sh;
			shellScript = "\"${SRCROOT}/Pods/Target Support Files/Pods-Chat&VideoForGameDiscussion/Pods-Chat&VideoForGameDiscussion-frameworks.sh\"\n";
			showEnvVarsInLog = 0;
		};
		9893257FA2D1F836959FFA23 /* [CP] Copy Pods Resources */ = {
			isa = PBXShellScriptBuildPhase;
			buildActionMask = 2147483647;
			files = (
			);
			inputPaths = (
			);
			name = "[CP] Copy Pods Resources";
			outputPaths = (
			);
			runOnlyForDeploymentPostprocessing = 0;
			shellPath = /bin/sh;
			shellScript = "\"${SRCROOT}/Pods/Target Support Files/Pods-Chat&VideoForGameDiscussion/Pods-Chat&VideoForGameDiscussion-resources.sh\"\n";
			showEnvVarsInLog = 0;
		};
		BBA163951CB5A0F61AC56C42 /* [CP] Check Pods Manifest.lock */ = {
			isa = PBXShellScriptBuildPhase;
			buildActionMask = 2147483647;
			files = (
			);
			inputPaths = (
			);
			name = "[CP] Check Pods Manifest.lock";
			outputPaths = (
			);
			runOnlyForDeploymentPostprocessing = 0;
			shellPath = /bin/sh;
			shellScript = "diff \"${PODS_ROOT}/../Podfile.lock\" \"${PODS_ROOT}/Manifest.lock\" > /dev/null\nif [ $? != 0 ] ; then\n    # print error to STDERR\n    echo \"error: The sandbox is not in sync with the Podfile.lock. Run 'pod install' or update your CocoaPods installation.\" >&2\n    exit 1\nfi\n";
			showEnvVarsInLog = 0;
		};
/* End PBXShellScriptBuildPhase section */

/* Begin PBXSourcesBuildPhase section */
		04120C9C1F4EB298002AD5C3 /* Sources */ = {
			isa = PBXSourcesBuildPhase;
			buildActionMask = 2147483647;
			files = (
				041B10E51F50196300C0E999 /* PlaylistSelectViewController.swift in Sources */,
				04120CCD1F4FF1DE002AD5C3 /* YoutubeVideoViewController.swift in Sources */,
				041B10F81F504BFC00C0E999 /* YouTubeSearchTableViewCell.swift in Sources */,
				04120CC71F4F0710002AD5C3 /* SelfPlistTableViewCell.swift in Sources */,
				04120CAC1F4EB298002AD5C3 /* Chat_VideoForGameDiscussion.xcdatamodeld in Sources */,
				04120CBA1F4ED542002AD5C3 /* MessageTableViewCell.swift in Sources */,
				041B10E31F500F5200C0E999 /* YoutubeSearchViewController.swift in Sources */,
				04120CBB1F4ED542002AD5C3 /* ImageTableViewCell.swift in Sources */,
				04120CCB1F4FCCF7002AD5C3 /* PlaylistVideoTableViewController.swift in Sources */,
				04120CC31F4EFC65002AD5C3 /* StringToImage.swift in Sources */,
				04120CBF1F4EDA23002AD5C3 /* ResizeImage.swift in Sources */,
				041B10EF1F503B4800C0E999 /* YoutubeUserInfo.swift in Sources */,
				04120CC11F4EF232002AD5C3 /* YoutubeUserViewController.swift in Sources */,
				04120CBD1F4ED554002AD5C3 /* ChatViewController.swift in Sources */,
				041B10F31F5042D100C0E999 /* PlaylistVideoTableViewCell.swift in Sources */,
				04120CA41F4EB298002AD5C3 /* AppDelegate.swift in Sources */,
			);
			runOnlyForDeploymentPostprocessing = 0;
		};
/* End PBXSourcesBuildPhase section */

/* Begin PBXVariantGroup section */
		04120CA71F4EB298002AD5C3 /* Main.storyboard */ = {
			isa = PBXVariantGroup;
			children = (
				04120CA81F4EB298002AD5C3 /* Base */,
			);
			name = Main.storyboard;
			sourceTree = "<group>";
		};
		04120CAF1F4EB298002AD5C3 /* LaunchScreen.storyboard */ = {
			isa = PBXVariantGroup;
			children = (
				04120CB01F4EB298002AD5C3 /* Base */,
			);
			name = LaunchScreen.storyboard;
			sourceTree = "<group>";
		};
/* End PBXVariantGroup section */

/* Begin XCBuildConfiguration section */
		04120CB31F4EB298002AD5C3 /* Debug */ = {
			isa = XCBuildConfiguration;
			buildSettings = {
				ALWAYS_SEARCH_USER_PATHS = NO;
				CLANG_ANALYZER_NONNULL = YES;
				CLANG_ANALYZER_NUMBER_OBJECT_CONVERSION = YES_AGGRESSIVE;
				CLANG_CXX_LANGUAGE_STANDARD = "gnu++0x";
				CLANG_CXX_LIBRARY = "libc++";
				CLANG_ENABLE_MODULES = YES;
				CLANG_ENABLE_OBJC_ARC = YES;
				CLANG_WARN_BOOL_CONVERSION = YES;
				CLANG_WARN_CONSTANT_CONVERSION = YES;
				CLANG_WARN_DIRECT_OBJC_ISA_USAGE = YES_ERROR;
				CLANG_WARN_DOCUMENTATION_COMMENTS = YES;
				CLANG_WARN_EMPTY_BODY = YES;
				CLANG_WARN_ENUM_CONVERSION = YES;
				CLANG_WARN_INFINITE_RECURSION = YES;
				CLANG_WARN_INT_CONVERSION = YES;
				CLANG_WARN_OBJC_ROOT_CLASS = YES_ERROR;
				CLANG_WARN_SUSPICIOUS_MOVE = YES;
				CLANG_WARN_UNREACHABLE_CODE = YES;
				CLANG_WARN__DUPLICATE_METHOD_MATCH = YES;
				"CODE_SIGN_IDENTITY[sdk=iphoneos*]" = "iPhone Developer";
				COPY_PHASE_STRIP = NO;
				DEBUG_INFORMATION_FORMAT = dwarf;
				ENABLE_STRICT_OBJC_MSGSEND = YES;
				ENABLE_TESTABILITY = YES;
				GCC_C_LANGUAGE_STANDARD = gnu99;
				GCC_DYNAMIC_NO_PIC = NO;
				GCC_NO_COMMON_BLOCKS = YES;
				GCC_OPTIMIZATION_LEVEL = 0;
				GCC_PREPROCESSOR_DEFINITIONS = (
					"DEBUG=1",
					"$(inherited)",
				);
				GCC_WARN_64_TO_32_BIT_CONVERSION = YES;
				GCC_WARN_ABOUT_RETURN_TYPE = YES_ERROR;
				GCC_WARN_UNDECLARED_SELECTOR = YES;
				GCC_WARN_UNINITIALIZED_AUTOS = YES_AGGRESSIVE;
				GCC_WARN_UNUSED_FUNCTION = YES;
				GCC_WARN_UNUSED_VARIABLE = YES;
				IPHONEOS_DEPLOYMENT_TARGET = 10.3;
				MTL_ENABLE_DEBUG_INFO = YES;
				ONLY_ACTIVE_ARCH = YES;
				SDKROOT = iphoneos;
				SWIFT_ACTIVE_COMPILATION_CONDITIONS = DEBUG;
				SWIFT_OPTIMIZATION_LEVEL = "-Onone";
				TARGETED_DEVICE_FAMILY = "1,2";
			};
			name = Debug;
		};
		04120CB41F4EB298002AD5C3 /* Release */ = {
			isa = XCBuildConfiguration;
			buildSettings = {
				ALWAYS_SEARCH_USER_PATHS = NO;
				CLANG_ANALYZER_NONNULL = YES;
				CLANG_ANALYZER_NUMBER_OBJECT_CONVERSION = YES_AGGRESSIVE;
				CLANG_CXX_LANGUAGE_STANDARD = "gnu++0x";
				CLANG_CXX_LIBRARY = "libc++";
				CLANG_ENABLE_MODULES = YES;
				CLANG_ENABLE_OBJC_ARC = YES;
				CLANG_WARN_BOOL_CONVERSION = YES;
				CLANG_WARN_CONSTANT_CONVERSION = YES;
				CLANG_WARN_DIRECT_OBJC_ISA_USAGE = YES_ERROR;
				CLANG_WARN_DOCUMENTATION_COMMENTS = YES;
				CLANG_WARN_EMPTY_BODY = YES;
				CLANG_WARN_ENUM_CONVERSION = YES;
				CLANG_WARN_INFINITE_RECURSION = YES;
				CLANG_WARN_INT_CONVERSION = YES;
				CLANG_WARN_OBJC_ROOT_CLASS = YES_ERROR;
				CLANG_WARN_SUSPICIOUS_MOVE = YES;
				CLANG_WARN_UNREACHABLE_CODE = YES;
				CLANG_WARN__DUPLICATE_METHOD_MATCH = YES;
				"CODE_SIGN_IDENTITY[sdk=iphoneos*]" = "iPhone Developer";
				COPY_PHASE_STRIP = NO;
				DEBUG_INFORMATION_FORMAT = "dwarf-with-dsym";
				ENABLE_NS_ASSERTIONS = NO;
				ENABLE_STRICT_OBJC_MSGSEND = YES;
				GCC_C_LANGUAGE_STANDARD = gnu99;
				GCC_NO_COMMON_BLOCKS = YES;
				GCC_WARN_64_TO_32_BIT_CONVERSION = YES;
				GCC_WARN_ABOUT_RETURN_TYPE = YES_ERROR;
				GCC_WARN_UNDECLARED_SELECTOR = YES;
				GCC_WARN_UNINITIALIZED_AUTOS = YES_AGGRESSIVE;
				GCC_WARN_UNUSED_FUNCTION = YES;
				GCC_WARN_UNUSED_VARIABLE = YES;
				IPHONEOS_DEPLOYMENT_TARGET = 10.3;
				MTL_ENABLE_DEBUG_INFO = NO;
				SDKROOT = iphoneos;
				SWIFT_OPTIMIZATION_LEVEL = "-Owholemodule";
				TARGETED_DEVICE_FAMILY = "1,2";
				VALIDATE_PRODUCT = YES;
			};
			name = Release;
		};
		04120CB61F4EB298002AD5C3 /* Debug */ = {
			isa = XCBuildConfiguration;
			baseConfigurationReference = B47DF8F71E30D42FD911597C /* Pods-Chat&VideoForGameDiscussion.debug.xcconfig */;
			buildSettings = {
				ASSETCATALOG_COMPILER_APPICON_NAME = AppIcon;
				DEVELOPMENT_TEAM = SCFU5W6M6J;
				INFOPLIST_FILE = "Chat&VideoForGameDiscussion/Info.plist";
				LD_RUNPATH_SEARCH_PATHS = "$(inherited) @executable_path/Frameworks";
				PRODUCT_BUNDLE_IDENTIFIER = "com.uran.Chat-VideoForGameDiscussion";
				PRODUCT_NAME = "$(TARGET_NAME)";
				SWIFT_VERSION = 3.0;
			};
			name = Debug;
		};
		04120CB71F4EB298002AD5C3 /* Release */ = {
			isa = XCBuildConfiguration;
			baseConfigurationReference = 9095736FD385D6D412722701 /* Pods-Chat&VideoForGameDiscussion.release.xcconfig */;
			buildSettings = {
				ASSETCATALOG_COMPILER_APPICON_NAME = AppIcon;
				DEVELOPMENT_TEAM = SCFU5W6M6J;
				INFOPLIST_FILE = "Chat&VideoForGameDiscussion/Info.plist";
				LD_RUNPATH_SEARCH_PATHS = "$(inherited) @executable_path/Frameworks";
				PRODUCT_BUNDLE_IDENTIFIER = "com.uran.Chat-VideoForGameDiscussion";
				PRODUCT_NAME = "$(TARGET_NAME)";
				SWIFT_VERSION = 3.0;
			};
			name = Release;
		};
/* End XCBuildConfiguration section */

/* Begin XCConfigurationList section */
		04120C9B1F4EB297002AD5C3 /* Build configuration list for PBXProject "Chat&VideoForGameDiscussion" */ = {
			isa = XCConfigurationList;
			buildConfigurations = (
				04120CB31F4EB298002AD5C3 /* Debug */,
				04120CB41F4EB298002AD5C3 /* Release */,
			);
			defaultConfigurationIsVisible = 0;
			defaultConfigurationName = Release;
		};
		04120CB51F4EB298002AD5C3 /* Build configuration list for PBXNativeTarget "Chat&VideoForGameDiscussion" */ = {
			isa = XCConfigurationList;
			buildConfigurations = (
				04120CB61F4EB298002AD5C3 /* Debug */,
				04120CB71F4EB298002AD5C3 /* Release */,
			);
			defaultConfigurationIsVisible = 0;
			defaultConfigurationName = Release;
		};
/* End XCConfigurationList section */

/* Begin XCVersionGroup section */
		04120CAA1F4EB298002AD5C3 /* Chat_VideoForGameDiscussion.xcdatamodeld */ = {
			isa = XCVersionGroup;
			children = (
				04120CAB1F4EB298002AD5C3 /* Chat_VideoForGameDiscussion.xcdatamodel */,
			);
			currentVersion = 04120CAB1F4EB298002AD5C3 /* Chat_VideoForGameDiscussion.xcdatamodel */;
			path = Chat_VideoForGameDiscussion.xcdatamodeld;
			sourceTree = "<group>";
			versionGroupType = wrapper.xcdatamodel;
		};
/* End XCVersionGroup section */
	};
	rootObject = 04120C981F4EB297002AD5C3 /* Project object */;
}
